
Microsoft Visual Studio Solution File, Format Version 12.00
# Visual Studio Version 17
VisualStudioVersion = 17.13.35828.75 d17.13
MinimumVisualStudioVersion = 10.0.40219.1
Project("{FAE04EC0-301F-11D3-BF4B-00C04F79EFBC}") = "Operators", "Operators\Operators.csproj", "{1A276A88-A605-4911-BE93-EA1A3AA66149}"
EndProject
Global
	GlobalSection(SolutionConfigurationPlatforms) = preSolution
		Debug|Any CPU = Debug|Any CPU
		Release|Any CPU = Release|Any CPU
	EndGlobalSection
	GlobalSection(ProjectConfigurationPlatforms) = postSolution
		{1A276A88-A605-4911-BE93-EA1A3AA66149}.Debug|Any CPU.ActiveCfg = Debug|Any CPU
		{1A276A88-A605-4911-BE93-EA1A3AA66149}.Debug|Any CPU.Build.0 = Debug|Any CPU
		{1A276A88-A605-4911-BE93-EA1A3AA66149}.Release|Any CPU.ActiveCfg = Release|Any CPU
		{1A276A88-A605-4911-BE93-EA1A3AA66149}.Release|Any CPU.Build.0 = Release|Any CPU
	EndGlobalSection
	GlobalSection(SolutionProperties) = preSolution
		HideSolutionNode = FALSE
	EndGlobalSection
	GlobalSection(ExtensibilityGlobals) = postSolution
		SolutionGuid = {E004BE56-7108-4F9D-857C-24B3082A3B47}
	EndGlobalSection
EndGlobal
